// !$*UTF8*$!
{
	archiveVersion = 1;
	classes = {
	};
	objectVersion = 50;
	objects = {

/* Begin PBXBuildFile section */
		22D9643924E500C400EB8831 /* AppDelegate.swift in Sources */ = {isa = PBXBuildFile; fileRef = 22D9643824E500C400EB8831 /* AppDelegate.swift */; };
		22D9643B24E500C400EB8831 /* SceneDelegate.swift in Sources */ = {isa = PBXBuildFile; fileRef = 22D9643A24E500C400EB8831 /* SceneDelegate.swift */; };
		22D9643D24E500C400EB8831 /* EmojiMemoryGameView.swift in Sources */ = {isa = PBXBuildFile; fileRef = 22D9643C24E500C400EB8831 /* EmojiMemoryGameView.swift */; };
		22D9643F24E500C700EB8831 /* Assets.xcassets in Resources */ = {isa = PBXBuildFile; fileRef = 22D9643E24E500C700EB8831 /* Assets.xcassets */; };
		22D9644224E500C700EB8831 /* Preview Assets.xcassets in Resources */ = {isa = PBXBuildFile; fileRef = 22D9644124E500C700EB8831 /* Preview Assets.xcassets */; };
		22D9644524E500C700EB8831 /* LaunchScreen.storyboard in Resources */ = {isa = PBXBuildFile; fileRef = 22D9644324E500C700EB8831 /* LaunchScreen.storyboard */; };
		22D9644D24E63FDE00EB8831 /* MemoryGame.swift in Sources */ = {isa = PBXBuildFile; fileRef = 22D9644C24E63FDE00EB8831 /* MemoryGame.swift */; };
		22D9644F24E641CA00EB8831 /* EmojiMemoryGame.swift in Sources */ = {isa = PBXBuildFile; fileRef = 22D9644E24E641CA00EB8831 /* EmojiMemoryGame.swift */; };
		22D9645124E8E24700EB8831 /* Grid.swift in Sources */ = {isa = PBXBuildFile; fileRef = 22D9645024E8E24700EB8831 /* Grid.swift */; };
		22D9645324E8ED1400EB8831 /* GridLayout.swift in Sources */ = {isa = PBXBuildFile; fileRef = 22D9645224E8ED1400EB8831 /* GridLayout.swift */; };
		22D9645524E8F0EC00EB8831 /* Array+Identifiable.swift in Sources */ = {isa = PBXBuildFile; fileRef = 22D9645424E8F0EC00EB8831 /* Array+Identifiable.swift */; };
		22D9645924E9889F00EB8831 /* Array+Only.swift in Sources */ = {isa = PBXBuildFile; fileRef = 22D9645824E9889F00EB8831 /* Array+Only.swift */; };
		22D9645B24E9922200EB8831 /* Theme.swift in Sources */ = {isa = PBXBuildFile; fileRef = 22D9645A24E9922200EB8831 /* Theme.swift */; };
/* End PBXBuildFile section */

/* Begin PBXFileReference section */
		22D9643524E500C400EB8831 /* Memorize.app */ = {isa = PBXFileReference; explicitFileType = wrapper.application; includeInIndex = 0; path = Memorize.app; sourceTree = BUILT_PRODUCTS_DIR; };
		22D9643824E500C400EB8831 /* AppDelegate.swift */ = {isa = PBXFileReference; lastKnownFileType = sourcecode.swift; path = AppDelegate.swift; sourceTree = "<group>"; };
		22D9643A24E500C400EB8831 /* SceneDelegate.swift */ = {isa = PBXFileReference; lastKnownFileType = sourcecode.swift; path = SceneDelegate.swift; sourceTree = "<group>"; };
		22D9643C24E500C400EB8831 /* EmojiMemoryGameView.swift */ = {isa = PBXFileReference; lastKnownFileType = sourcecode.swift; path = EmojiMemoryGameView.swift; sourceTree = "<group>"; };
		22D9643E24E500C700EB8831 /* Assets.xcassets */ = {isa = PBXFileReference; lastKnownFileType = folder.assetcatalog; path = Assets.xcassets; sourceTree = "<group>"; };
		22D9644124E500C700EB8831 /* Preview Assets.xcassets */ = {isa = PBXFileReference; lastKnownFileType = folder.assetcatalog; path = "Preview Assets.xcassets"; sourceTree = "<group>"; };
		22D9644424E500C700EB8831 /* Base */ = {isa = PBXFileReference; lastKnownFileType = file.storyboard; name = Base; path = Base.lproj/LaunchScreen.storyboard; sourceTree = "<group>"; };
		22D9644624E500C700EB8831 /* Info.plist */ = {isa = PBXFileReference; lastKnownFileType = text.plist.xml; path = Info.plist; sourceTree = "<group>"; };
		22D9644C24E63FDE00EB8831 /* MemoryGame.swift */ = {isa = PBXFileReference; lastKnownFileType = sourcecode.swift; path = MemoryGame.swift; sourceTree = "<group>"; };
		22D9644E24E641CA00EB8831 /* EmojiMemoryGame.swift */ = {isa = PBXFileReference; lastKnownFileType = sourcecode.swift; path = EmojiMemoryGame.swift; sourceTree = "<group>"; };
		22D9645024E8E24700EB8831 /* Grid.swift */ = {isa = PBXFileReference; lastKnownFileType = sourcecode.swift; path = Grid.swift; sourceTree = "<group>"; };
		22D9645224E8ED1400EB8831 /* GridLayout.swift */ = {isa = PBXFileReference; fileEncoding = 4; lastKnownFileType = sourcecode.swift; path = GridLayout.swift; sourceTree = "<group>"; };
		22D9645424E8F0EC00EB8831 /* Array+Identifiable.swift */ = {isa = PBXFileReference; lastKnownFileType = sourcecode.swift; path = "Array+Identifiable.swift"; sourceTree = "<group>"; };
		22D9645824E9889F00EB8831 /* Array+Only.swift */ = {isa = PBXFileReference; lastKnownFileType = sourcecode.swift; path = "Array+Only.swift"; sourceTree = "<group>"; };
		22D9645A24E9922200EB8831 /* Theme.swift */ = {isa = PBXFileReference; lastKnownFileType = sourcecode.swift; path = Theme.swift; sourceTree = "<group>"; };
/* End PBXFileReference section */

/* Begin PBXFrameworksBuildPhase section */
		22D9643224E500C400EB8831 /* Frameworks */ = {
			isa = PBXFrameworksBuildPhase;
			buildActionMask = 2147483647;
			files = (
			);
			runOnlyForDeploymentPostprocessing = 0;
		};
/* End PBXFrameworksBuildPhase section */

/* Begin PBXGroup section */
		22D9642C24E500C400EB8831 = {
			isa = PBXGroup;
			children = (
				22D9643724E500C400EB8831 /* Memorize */,
				22D9643624E500C400EB8831 /* Products */,
			);
			sourceTree = "<group>";
		};
		22D9643624E500C400EB8831 /* Products */ = {
			isa = PBXGroup;
			children = (
				22D9643524E500C400EB8831 /* Memorize.app */,
			);
			name = Products;
			sourceTree = "<group>";
		};
		22D9643724E500C400EB8831 /* Memorize */ = {
			isa = PBXGroup;
			children = (
				22D9645224E8ED1400EB8831 /* GridLayout.swift */,
				22D9643824E500C400EB8831 /* AppDelegate.swift */,
				22D9643A24E500C400EB8831 /* SceneDelegate.swift */,
				22D9643C24E500C400EB8831 /* EmojiMemoryGameView.swift */,
				22D9645024E8E24700EB8831 /* Grid.swift */,
				22D9644C24E63FDE00EB8831 /* MemoryGame.swift */,
				22D9645A24E9922200EB8831 /* Theme.swift */,
				22D9644E24E641CA00EB8831 /* EmojiMemoryGame.swift */,
				22D9645424E8F0EC00EB8831 /* Array+Identifiable.swift */,
				22D9645824E9889F00EB8831 /* Array+Only.swift */,
				22D9643E24E500C700EB8831 /* Assets.xcassets */,
				22D9644324E500C700EB8831 /* LaunchScreen.storyboard */,
				22D9644624E500C700EB8831 /* Info.plist */,
				22D9644024E500C700EB8831 /* Preview Content */,
			);
			path = Memorize;
			sourceTree = "<group>";
		};
		22D9644024E500C700EB8831 /* Preview Content */ = {
			isa = PBXGroup;
			children = (
				22D9644124E500C700EB8831 /* Preview Assets.xcassets */,
			);
			path = "Preview Content";
			sourceTree = "<group>";
		};
/* End PBXGroup section */

/* Begin PBXNativeTarget section */
		22D9643424E500C400EB8831 /* Memorize */ = {
			isa = PBXNativeTarget;
			buildConfigurationList = 22D9644924E500C700EB8831 /* Build configuration list for PBXNativeTarget "Memorize" */;
			buildPhases = (
				22D9643124E500C400EB8831 /* Sources */,
				22D9643224E500C400EB8831 /* Frameworks */,
				22D9643324E500C400EB8831 /* Resources */,
			);
			buildRules = (
			);
			dependencies = (
			);
			name = Memorize;
			productName = Memorize;
			productReference = 22D9643524E500C400EB8831 /* Memorize.app */;
			productType = "com.apple.product-type.application";
		};
/* End PBXNativeTarget section */

/* Begin PBXProject section */
		22D9642D24E500C400EB8831 /* Project object */ = {
			isa = PBXProject;
			attributes = {
				LastSwiftUpdateCheck = 1160;
				LastUpgradeCheck = 1160;
				ORGANIZATIONNAME = "Tim West";
				TargetAttributes = {
					22D9643424E500C400EB8831 = {
						CreatedOnToolsVersion = 11.6;
					};
				};
			};
			buildConfigurationList = 22D9643024E500C400EB8831 /* Build configuration list for PBXProject "Memorize" */;
			compatibilityVersion = "Xcode 9.3";
			developmentRegion = en;
			hasScannedForEncodings = 0;
			knownRegions = (
				en,
				Base,
			);
			mainGroup = 22D9642C24E500C400EB8831;
			productRefGroup = 22D9643624E500C400EB8831 /* Products */;
			projectDirPath = "";
			projectRoot = "";
			targets = (
				22D9643424E500C400EB8831 /* Memorize */,
			);
		};
/* End PBXProject section */

/* Begin PBXResourcesBuildPhase section */
		22D9643324E500C400EB8831 /* Resources */ = {
			isa = PBXResourcesBuildPhase;
			buildActionMask = 2147483647;
			files = (
				22D9644524E500C700EB8831 /* LaunchScreen.storyboard in Resources */,
				22D9644224E500C700EB8831 /* Preview Assets.xcassets in Resources */,
				22D9643F24E500C700EB8831 /* Assets.xcassets in Resources */,
			);
			runOnlyForDeploymentPostprocessing = 0;
		};
/* End PBXResourcesBuildPhase section */

/* Begin PBXSourcesBuildPhase section */
		22D9643124E500C400EB8831 /* Sources */ = {
			isa = PBXSourcesBuildPhase;
			buildActionMask = 2147483647;
			files = (
				22D9643924E500C400EB8831 /* AppDelegate.swift in Sources */,
				22D9643B24E500C400EB8831 /* SceneDelegate.swift in Sources */,
				22D9644D24E63FDE00EB8831 /* MemoryGame.swift in Sources */,
				22D9645924E9889F00EB8831 /* Array+Only.swift in Sources */,
				22D9643D24E500C400EB8831 /* EmojiMemoryGameView.swift in Sources */,
				22D9644F24E641CA00EB8831 /* EmojiMemoryGame.swift in Sources */,
				22D9645324E8ED1400EB8831 /* GridLayout.swift in Sources */,
				22D9645B24E9922200EB8831 /* Theme.swift in Sources */,
				22D9645524E8F0EC00EB8831 /* Array+Identifiable.swift in Sources */,
				22D9645124E8E24700EB8831 /* Grid.swift in Sources */,
			);
			runOnlyForDeploymentPostprocessing = 0;
		};
/* End PBXSourcesBuildPhase section */

/* Begin PBXVariantGroup section */
		22D9644324E500C700EB8831 /* LaunchScreen.storyboard */ = {
			isa = PBXVariantGroup;
			children = (
				22D9644424E500C700EB8831 /* Base */,
			);
			name = LaunchScreen.storyboard;
			sourceTree = "<group>";
		};
/* End PBXVariantGroup section */

/* Begin XCBuildConfiguration section */
		22D9644724E500C700EB8831 /* Debug */ = {
			isa = XCBuildConfiguration;
			buildSettings = {
				ALWAYS_SEARCH_USER_PATHS = NO;
				CLANG_ANALYZER_NONNULL = YES;
				CLANG_ANALYZER_NUMBER_OBJECT_CONVERSION = YES_AGGRESSIVE;
				CLANG_CXX_LANGUAGE_STANDARD = "gnu++14";
				CLANG_CXX_LIBRARY = "libc++";
				CLANG_ENABLE_MODULES = YES;
				CLANG_ENABLE_OBJC_ARC = YES;
				CLANG_ENABLE_OBJC_WEAK = YES;
				CLANG_WARN_BLOCK_CAPTURE_AUTORELEASING = YES;
				CLANG_WARN_BOOL_CONVERSION = YES;
				CLANG_WARN_COMMA = YES;
				CLANG_WARN_CONSTANT_CONVERSION = YES;
				CLANG_WARN_DEPRECATED_OBJC_IMPLEMENTATIONS = YES;
				CLANG_WARN_DIRECT_OBJC_ISA_USAGE = YES_ERROR;
				CLANG_WARN_DOCUMENTATION_COMMENTS = YES;
				CLANG_WARN_EMPTY_BODY = YES;
				CLANG_WARN_ENUM_CONVERSION = YES;
				CLANG_WARN_INFINITE_RECURSION = YES;
				CLANG_WARN_INT_CONVERSION = YES;
				CLANG_WARN_NON_LITERAL_NULL_CONVERSION = YES;
				CLANG_WARN_OBJC_IMPLICIT_RETAIN_SELF = YES;
				CLANG_WARN_OBJC_LITERAL_CONVERSION = YES;
				CLANG_WARN_OBJC_ROOT_CLASS = YES_ERROR;
				CLANG_WARN_RANGE_LOOP_ANALYSIS = YES;
				CLANG_WARN_STRICT_PROTOTYPES = YES;
				CLANG_WARN_SUSPICIOUS_MOVE = YES;
				CLANG_WARN_UNGUARDED_AVAILABILITY = YES_AGGRESSIVE;
				CLANG_WARN_UNREACHABLE_CODE = YES;
				CLANG_WARN__DUPLICATE_METHOD_MATCH = YES;
				COPY_PHASE_STRIP = NO;
				DEBUG_INFORMATION_FORMAT = dwarf;
				ENABLE_STRICT_OBJC_MSGSEND = YES;
				ENABLE_TESTABILITY = YES;
				GCC_C_LANGUAGE_STANDARD = gnu11;
				GCC_DYNAMIC_NO_PIC = NO;
				GCC_NO_COMMON_BLOCKS = YES;
				GCC_OPTIMIZATION_LEVEL = 0;
				GCC_PREPROCESSOR_DEFINITIONS = (
					"DEBUG=1",
					"$(inherited)",
				);
				GCC_WARN_64_TO_32_BIT_CONVERSION = YES;
				GCC_WARN_ABOUT_RETURN_TYPE = YES_ERROR;
				GCC_WARN_UNDECLARED_SELECTOR = YES;
				GCC_WARN_UNINITIALIZED_AUTOS = YES_AGGRESSIVE;
				GCC_WARN_UNUSED_FUNCTION = YES;
				GCC_WARN_UNUSED_VARIABLE = YES;
				IPHONEOS_DEPLOYMENT_TARGET = 13.6;
				MTL_ENABLE_DEBUG_INFO = INCLUDE_SOURCE;
				MTL_FAST_MATH = YES;
				ONLY_ACTIVE_ARCH = YES;
				SDKROOT = iphoneos;
				SWIFT_ACTIVE_COMPILATION_CONDITIONS = DEBUG;
				SWIFT_OPTIMIZATION_LEVEL = "-Onone";
			};
			name = Debug;
		};
		22D9644824E500C700EB8831 /* Release */ = {
			isa = XCBuildConfiguration;
			buildSettings = {
				ALWAYS_SEARCH_USER_PATHS = NO;
				CLANG_ANALYZER_NONNULL = YES;
				CLANG_ANALYZER_NUMBER_OBJECT_CONVERSION = YES_AGGRESSIVE;
				CLANG_CXX_LANGUAGE_STANDARD = "gnu++14";
				CLANG_CXX_LIBRARY = "libc++";
				CLANG_ENABLE_MODULES = YES;
				CLANG_ENABLE_OBJC_ARC = YES;
				CLANG_ENABLE_OBJC_WEAK = YES;
				CLANG_WARN_BLOCK_CAPTURE_AUTORELEASING = YES;
				CLANG_WARN_BOOL_CONVERSION = YES;
				CLANG_WARN_COMMA = YES;
				CLANG_WARN_CONSTANT_CONVERSION = YES;
				CLANG_WARN_DEPRECATED_OBJC_IMPLEMENTATIONS = YES;
				CLANG_WARN_DIRECT_OBJC_ISA_USAGE = YES_ERROR;
				CLANG_WARN_DOCUMENTATION_COMMENTS = YES;
				CLANG_WARN_EMPTY_BODY = YES;
				CLANG_WARN_ENUM_CONVERSION = YES;
				CLANG_WARN_INFINITE_RECURSION = YES;
				CLANG_WARN_INT_CONVERSION = YES;
				CLANG_WARN_NON_LITERAL_NULL_CONVERSION = YES;
				CLANG_WARN_OBJC_IMPLICIT_RETAIN_SELF = YES;
				CLANG_WARN_OBJC_LITERAL_CONVERSION = YES;
				CLANG_WARN_OBJC_ROOT_CLASS = YES_ERROR;
				CLANG_WARN_RANGE_LOOP_ANALYSIS = YES;
				CLANG_WARN_STRICT_PROTOTYPES = YES;
				CLANG_WARN_SUSPICIOUS_MOVE = YES;
				CLANG_WARN_UNGUARDED_AVAILABILITY = YES_AGGRESSIVE;
				CLANG_WARN_UNREACHABLE_CODE = YES;
				CLANG_WARN__DUPLICATE_METHOD_MATCH = YES;
				COPY_PHASE_STRIP = NO;
				DEBUG_INFORMATION_FORMAT = "dwarf-with-dsym";
				ENABLE_NS_ASSERTIONS = NO;
				ENABLE_STRICT_OBJC_MSGSEND = YES;
				GCC_C_LANGUAGE_STANDARD = gnu11;
				GCC_NO_COMMON_BLOCKS = YES;
				GCC_WARN_64_TO_32_BIT_CONVERSION = YES;
				GCC_WARN_ABOUT_RETURN_TYPE = YES_ERROR;
				GCC_WARN_UNDECLARED_SELECTOR = YES;
				GCC_WARN_UNINITIALIZED_AUTOS = YES_AGGRESSIVE;
				GCC_WARN_UNUSED_FUNCTION = YES;
				GCC_WARN_UNUSED_VARIABLE = YES;
				IPHONEOS_DEPLOYMENT_TARGET = 13.6;
				MTL_ENABLE_DEBUG_INFO = NO;
				MTL_FAST_MATH = YES;
				SDKROOT = iphoneos;
				SWIFT_COMPILATION_MODE = wholemodule;
				SWIFT_OPTIMIZATION_LEVEL = "-O";
				VALIDATE_PRODUCT = YES;
			};
			name = Release;
		};
		22D9644A24E500C700EB8831 /* Debug */ = {
			isa = XCBuildConfiguration;
			buildSettings = {
				ASSETCATALOG_COMPILER_APPICON_NAME = AppIcon;
				CODE_SIGN_STYLE = Automatic;
				DEVELOPMENT_ASSET_PATHS = "\"Memorize/Preview Content\"";
				DEVELOPMENT_TEAM = S34J8E5ARN;
				ENABLE_PREVIEWS = YES;
				INFOPLIST_FILE = Memorize/Info.plist;
				LD_RUNPATH_SEARCH_PATHS = (
					"$(inherited)",
					"@executable_path/Frameworks",
				);
				PRODUCT_BUNDLE_IDENTIFIER = edu.gatech.twest62.Memorize;
				PRODUCT_NAME = "$(TARGET_NAME)";
				SWIFT_VERSION = 5.0;
				TARGETED_DEVICE_FAMILY = "1,2";
			};
			name = Debug;
		};
		22D9644B24E500C700EB8831 /* Release */ = {
			isa = XCBuildConfiguration;
			buildSettings = {
				ASSETCATALOG_COMPILER_APPICON_NAME = AppIcon;
				CODE_SIGN_STYLE = Automatic;
				DEVELOPMENT_ASSET_PATHS = "\"Memorize/Preview Content\"";
				DEVELOPMENT_TEAM = S34J8E5ARN;
				ENABLE_PREVIEWS = YES;
				INFOPLIST_FILE = Memorize/Info.plist;
				LD_RUNPATH_SEARCH_PATHS = (
					"$(inherited)",
					"@executable_path/Frameworks",
				);
				PRODUCT_BUNDLE_IDENTIFIER = edu.gatech.twest62.Memorize;
				PRODUCT_NAME = "$(TARGET_NAME)";
				SWIFT_VERSION = 5.0;
				TARGETED_DEVICE_FAMILY = "1,2";
			};
			name = Release;
		};
/* End XCBuildConfiguration section */

/* Begin XCConfigurationList section */
		22D9643024E500C400EB8831 /* Build configuration list for PBXProject "Memorize" */ = {
			isa = XCConfigurationList;
			buildConfigurations = (
				22D9644724E500C700EB8831 /* Debug */,
				22D9644824E500C700EB8831 /* Release */,
			);
			defaultConfigurationIsVisible = 0;
			defaultConfigurationName = Release;
		};
		22D9644924E500C700EB8831 /* Build configuration list for PBXNativeTarget "Memorize" */ = {
			isa = XCConfigurationList;
			buildConfigurations = (
				22D9644A24E500C700EB8831 /* Debug */,
				22D9644B24E500C700EB8831 /* Release */,
			);
			defaultConfigurationIsVisible = 0;
			defaultConfigurationName = Release;
		};
/* End XCConfigurationList section */
	};
	rootObject = 22D9642D24E500C400EB8831 /* Project object */;
}
